{
  "requires": true,
  "lockfileVersion": 1,
  "dependencies": {
    "@angular-material-components/file-input": {
      "version": "2.0.0",
      "resolved": "https://registry.npmjs.org/@angular-material-components/file-input/-/file-input-2.0.0.tgz",
      "integrity": "sha512-04ChS19HiAF9s5ASGx/wa3pQHkXWZ4di9Z6wYsVBx+5gdPMYmqWlAXATH6lbwhq2DT1BxyiAiQzl1DF4Pd3NKQ==",
      "requires": {
        "tslib": "^1.9.0"
      }
    },
    "g": {
      "version": "2.0.1",
      "resolved": "https://registry.npmjs.org/g/-/g-2.0.1.tgz",
      "integrity": "sha1-C1lj69DKcOO8jGdmk0oCGCHIuFc="
    },
    "jasmine-core": {
      "version": "3.5.0",
      "resolved": "https://registry.npmjs.org/jasmine-core/-/jasmine-core-3.5.0.tgz",
      "integrity": "sha512-nCeAiw37MIMA9w9IXso7bRaLl+c/ef3wnxsoSAlYrzS+Ot0zTG6nU8G/cIfGkqpkjX2wNaIW9RFG0TwIFnG6bA=="
    },
    "tslib": {
      "version": "1.11.1",
      "resolved": "https://registry.npmjs.org/tslib/-/tslib-1.11.1.tgz",
      "integrity": "sha512-aZW88SY8kQbU7gpV19lN24LtXh/yD4ZZg6qieAJDDg+YBsJcSmLGK9QpnUjAKVG/xefmvJGd1WUmfpT/g6AJGA=="
    }
  }
}
